<?xml version="1.0" encoding="utf-8"?>
<Project ToolsVersion="4.0" xmlns="http://schemas.microsoft.com/developer/msbuild/2003">
  <ItemGroup>
    <Filter Include="ソース ファイル">
      <UniqueIdentifier>{4FC737F1-C7A5-4376-A066-2A32D752A2FF}</UniqueIdentifier>
      <Extensions>cpp;c;cc;cxx;def;odl;idl;hpj;bat;asm;asmx</Extensions>
    </Filter>
    <Filter Include="ヘッダー ファイル">
      <UniqueIdentifier>{93995380-89BD-4b04-88EB-625FBE52EBFB}</UniqueIdentifier>
      <Extensions>h;hpp;hxx;hm;inl;inc;xsd</Extensions>
    </Filter>
    <Filter Include="リソース ファイル">
      <UniqueIdentifier>{67DA6AB6-F800-4c08-8B7A-83BB121AAD01}</UniqueIdentifier>
      <Extensions>rc;ico;cur;bmp;dlg;rc2;rct;bin;rgs;gif;jpg;jpeg;jpe;resx;tiff;tif;png;wav</Extensions>
    </Filter>
  </ItemGroup>
  <ItemGroup>
    <ClCompile Include="..\..\..\Src\AboutDialog.cpp">
      <Filter>ソース ファイル</Filter>
    </ClCompile>
    <ClCompile Include="..\..\..\Src\TomboLib\AutoPtr.cpp">
      <Filter>ソース ファイル</Filter>
    </ClCompile>
    <ClCompile Include="..\..\..\Src\GNUPG\blowfish.c">
      <Filter>ソース ファイル</Filter>
    </ClCompile>
    <ClCompile Include="..\..\..\Src\BookMark.cpp">
      <Filter>ソース ファイル</Filter>
    </ClCompile>
    <ClCompile Include="..\..\..\Src\BookMarkDlg.cpp">
      <Filter>ソース ファイル</Filter>
    </ClCompile>
    <ClCompile Include="..\..\..\Src\TomboLib\Clipboard.cpp">
      <Filter>ソース ファイル</Filter>
    </ClCompile>
    <ClCompile Include="..\..\..\Src\Crypt.cpp">
      <Filter>ソース ファイル</Filter>
    </ClCompile>
    <ClCompile Include="..\..\..\Src\CryptManager.cpp">
      <Filter>ソース ファイル</Filter>
    </ClCompile>
    <ClCompile Include="..\..\..\Src\regex\ctypeutil.c">
      <Filter>ソース ファイル</Filter>
    </ClCompile>
    <ClCompile Include="..\..\..\Src\DetailsViewWndProc.cpp">
      <Filter>ソース ファイル</Filter>
    </ClCompile>
    <ClCompile Include="..\..\..\Src\TomboLib\DialogTemplate.cpp">
      <Filter>ソース ファイル</Filter>
    </ClCompile>
    <ClCompile Include="..\..\..\Src\TomboLib\DirectoryScanner.cpp">
      <Filter>ソース ファイル</Filter>
    </ClCompile>
    <ClCompile Include="..\..\..\Src\DirList.cpp">
      <Filter>ソース ファイル</Filter>
    </ClCompile>
    <ClCompile Include="..\..\..\Src\TomboLib\File.cpp">
      <Filter>ソース ファイル</Filter>
    </ClCompile>
    <ClCompile Include="..\..\..\Src\TomboLib\FileInputStream.cpp">
      <Filter>ソース ファイル</Filter>
    </ClCompile>
    <ClCompile Include="..\..\..\Src\FileSelector.cpp">
      <Filter>ソース ファイル</Filter>
    </ClCompile>
    <ClCompile Include="..\..\..\Src\FilterAddDlg.cpp">
      <Filter>ソース ファイル</Filter>
    </ClCompile>
    <ClCompile Include="..\..\..\Src\FilterCtlDlg.cpp">
      <Filter>ソース ファイル</Filter>
    </ClCompile>
    <ClCompile Include="..\..\..\Src\FilterDefDlg.cpp">
      <Filter>ソース ファイル</Filter>
    </ClCompile>
    <ClCompile Include="..\..\..\Src\YAEdit\FontWidthCache.cpp">
      <Filter>ソース ファイル</Filter>
    </ClCompile>
    <ClCompile Include="..\..\..\Src\GrepDialog.cpp">
      <Filter>ソース ファイル</Filter>
    </ClCompile>
    <ClCompile Include="..\..\..\Src\HPCPlatform.cpp">
      <Filter>ソース ファイル</Filter>
    </ClCompile>
    <ClCompile Include="..\..\..\Src\LagendaPlatform.cpp">
      <Filter>ソース ファイル</Filter>
    </ClCompile>
    <ClCompile Include="..\..\..\Src\YAEdit\LineManager.cpp">
      <Filter>ソース ファイル</Filter>
    </ClCompile>
    <ClCompile Include="..\..\..\Src\YAEdit\LineWrapper.cpp">
      <Filter>ソース ファイル</Filter>
    </ClCompile>
    <ClCompile Include="..\..\..\Src\YAEdit\LineWrapperImpl.cpp">
      <Filter>ソース ファイル</Filter>
    </ClCompile>
    <ClCompile Include="..\..\..\Src\TomboLib\List.cpp">
      <Filter>ソース ファイル</Filter>
    </ClCompile>
    <ClCompile Include="..\..\..\Src\TomboLib\Logger.cpp">
      <Filter>ソース ファイル</Filter>
    </ClCompile>
    <ClCompile Include="..\..\..\Src\main.cpp">
      <Filter>ソース ファイル</Filter>
    </ClCompile>
    <ClCompile Include="..\..\..\Src\MainFrame.cpp">
      <Filter>ソース ファイル</Filter>
    </ClCompile>
    <ClCompile Include="..\..\..\Src\GNUPG\md5.c">
      <Filter>ソース ファイル</Filter>
    </ClCompile>
    <ClCompile Include="..\..\..\Src\YAEdit\MemManager.cpp">
      <Filter>ソース ファイル</Filter>
    </ClCompile>
    <ClCompile Include="..\..\..\Src\MemoDetailsView.cpp">
      <Filter>ソース ファイル</Filter>
    </ClCompile>
    <ClCompile Include="..\..\..\Src\MemoFolder.cpp">
      <Filter>ソース ファイル</Filter>
    </ClCompile>
    <ClCompile Include="..\..\..\Src\MemoInfo.cpp">
      <Filter>ソース ファイル</Filter>
    </ClCompile>
    <ClCompile Include="..\..\..\Src\MemoManager.cpp">
      <Filter>ソース ファイル</Filter>
    </ClCompile>
    <ClCompile Include="..\..\..\Src\MemoNote.cpp">
      <Filter>ソース ファイル</Filter>
    </ClCompile>
    <ClCompile Include="..\..\..\Src\MemoSelectView.cpp">
      <Filter>ソース ファイル</Filter>
    </ClCompile>
    <ClCompile Include="..\..\..\Src\Message.cpp">
      <Filter>ソース ファイル</Filter>
    </ClCompile>
    <ClCompile Include="..\..\..\Src\NewFolderDialog.cpp">
      <Filter>ソース ファイル</Filter>
    </ClCompile>
    <ClCompile Include="..\..\..\Src\PasswordDialog.cpp">
      <Filter>ソース ファイル</Filter>
    </ClCompile>
    <ClCompile Include="..\..\..\Src\PasswordManager.cpp">
      <Filter>ソース ファイル</Filter>
    </ClCompile>
    <ClCompile Include="..\..\..\Src\YAEdit\PhysicalLineManager.cpp">
      <Filter>ソース ファイル</Filter>
    </ClCompile>
    <ClCompile Include="..\..\..\Src\PlatformLayer.cpp">
      <Filter>ソース ファイル</Filter>
    </ClCompile>
    <ClCompile Include="..\..\..\Src\PocketPCPlatform.cpp">
      <Filter>ソース ファイル</Filter>
    </ClCompile>
    <ClCompile Include="..\..\..\Src\Property.cpp">
      <Filter>ソース ファイル</Filter>
    </ClCompile>
    <ClCompile Include="..\..\..\Src\TomboLib\PropertyPage.cpp">
      <Filter>ソース ファイル</Filter>
    </ClCompile>
    <ClCompile Include="..\..\..\Src\PsPCPlatform.cpp">
      <Filter>ソース ファイル</Filter>
    </ClCompile>
    <ClCompile Include="..\..\..\Src\YAEdit\Region.cpp">
      <Filter>ソース ファイル</Filter>
    </ClCompile>
    <ClCompile Include="..\..\..\Src\Repository.cpp">
      <Filter>ソース ファイル</Filter>
    </ClCompile>
    <ClCompile Include="..\..\..\Src\RepositoryImpl.cpp">
      <Filter>ソース ファイル</Filter>
    </ClCompile>
    <ClCompile Include="..\..\..\Src\SearchDlg.cpp">
      <Filter>ソース ファイル</Filter>
    </ClCompile>
    <ClCompile Include="..\..\..\Src\SearchEngine.cpp">
      <Filter>ソース ファイル</Filter>
    </ClCompile>
    <ClCompile Include="..\..\..\Src\SearchTree.cpp">
      <Filter>ソース ファイル</Filter>
    </ClCompile>
    <ClCompile Include="..\..\..\Src\SelectViewWndProc.cpp">
      <Filter>ソース ファイル</Filter>
    </ClCompile>
    <ClCompile Include="..\..\..\Src\TomboLib\SipControl.cpp">
      <Filter>ソース ファイル</Filter>
    </ClCompile>
    <ClCompile Include="..\..\..\Src\StatusBar.cpp">
      <Filter>ソース ファイル</Filter>
    </ClCompile>
    <ClCompile Include="..\..\..\Src\YAEdit\StringSplitter.cpp">
      <Filter>ソース ファイル</Filter>
    </ClCompile>
    <ClCompile Include="..\..\..\Src\TomboPropertyTab.cpp">
      <Filter>ソース ファイル</Filter>
    </ClCompile>
    <ClCompile Include="..\..\..\Src\TomboURI.cpp">
      <Filter>ソース ファイル</Filter>
    </ClCompile>
    <ClCompile Include="..\..\..\Src\TreeViewItem.cpp">
      <Filter>ソース ファイル</Filter>
    </ClCompile>
    <ClCompile Include="..\..\..\Src\TSParser.cpp">
      <Filter>ソース ファイル</Filter>
    </ClCompile>
    <ClCompile Include="..\..\..\Src\TomboLib\TString.cpp">
      <Filter>ソース ファイル</Filter>
    </ClCompile>
    <ClCompile Include="..\..\..\Src\TomboLib\Uniconv.cpp">
      <Filter>ソース ファイル</Filter>
    </ClCompile>
    <ClCompile Include="..\..\..\Src\URIScanner.cpp">
      <Filter>ソース ファイル</Filter>
    </ClCompile>
    <ClCompile Include="..\..\..\Src\regex\util.c">
      <Filter>ソース ファイル</Filter>
    </ClCompile>
    <ClCompile Include="..\..\..\Src\TomboLib\VarBuffer.cpp">
      <Filter>ソース ファイル</Filter>
    </ClCompile>
    <ClCompile Include="..\..\..\Src\VFManager.cpp">
      <Filter>ソース ファイル</Filter>
    </ClCompile>
    <ClCompile Include="..\..\..\Src\VFStream.cpp">
      <Filter>ソース ファイル</Filter>
    </ClCompile>
    <ClCompile Include="..\..\..\Src\Win32Platform.cpp">
      <Filter>ソース ファイル</Filter>
    </ClCompile>
    <ClCompile Include="..\..\..\Src\YAEdit\YAEdit.cpp">
      <Filter>ソース ファイル</Filter>
    </ClCompile>
    <ClCompile Include="..\..\..\Src\YAEdit\YAEditDoc.cpp">
      <Filter>ソース ファイル</Filter>
    </ClCompile>
    <ClCompile Include="..\..\..\Src\YAEditor.cpp">
      <Filter>ソース ファイル</Filter>
    </ClCompile>
    <ClCompile Include="..\..\..\Src\YAEdit\YAEditView.cpp">
      <Filter>ソース ファイル</Filter>
    </ClCompile>
  </ItemGroup>
  <ItemGroup>
    <ClInclude Include="..\..\..\Src\AboutDialog.h">
      <Filter>ソース ファイル</Filter>
    </ClInclude>
    <ClInclude Include="..\..\..\Src\TomboLib\AutoPtr.h">
      <Filter>ソース ファイル</Filter>
    </ClInclude>
    <ClInclude Include="..\..\..\Src\GNUPG\bithelp.h">
      <Filter>ソース ファイル</Filter>
    </ClInclude>
    <ClInclude Include="..\..\..\Src\BookMark.h">
      <Filter>ソース ファイル</Filter>
    </ClInclude>
    <ClInclude Include="..\..\..\Src\BookMarkDlg.h">
      <Filter>ソース ファイル</Filter>
    </ClInclude>
    <ClInclude Include="..\..\..\Src\Chipher.h">
      <Filter>ソース ファイル</Filter>
    </ClInclude>
    <ClInclude Include="..\..\..\Src\TomboLib\Clipboard.h">
      <Filter>ソース ファイル</Filter>
    </ClInclude>
    <ClInclude Include="..\..\..\Src\Crypt.h">
      <Filter>ソース ファイル</Filter>
    </ClInclude>
    <ClInclude Include="..\..\..\Src\CryptManager.h">
      <Filter>ソース ファイル</Filter>
    </ClInclude>
    <ClInclude Include="..\..\..\Src\TomboLib\DialogTemplate.h">
      <Filter>ソース ファイル</Filter>
    </ClInclude>
    <ClInclude Include="..\..\..\Src\TomboLib\DirectoryScanner.h">
      <Filter>ソース ファイル</Filter>
    </ClInclude>
    <ClInclude Include="..\..\..\Src\DirList.h">
      <Filter>ソース ファイル</Filter>
    </ClInclude>
    <ClInclude Include="..\..\..\Src\TomboLib\File.h">
      <Filter>ソース ファイル</Filter>
    </ClInclude>
    <ClInclude Include="..\..\..\Src\TomboLib\FileInputStream.h">
      <Filter>ソース ファイル</Filter>
    </ClInclude>
    <ClInclude Include="..\..\..\Src\FileSelector.h">
      <Filter>ソース ファイル</Filter>
    </ClInclude>
    <ClInclude Include="..\..\..\Src\FilterAddDlg.h">
      <Filter>ソース ファイル</Filter>
    </ClInclude>
    <ClInclude Include="..\..\..\Src\FilterCtlDlg.h">
      <Filter>ソース ファイル</Filter>
    </ClInclude>
    <ClInclude Include="..\..\..\Src\FilterDefDlg.h">
      <Filter>ソース ファイル</Filter>
    </ClInclude>
    <ClInclude Include="..\..\..\Src\YAEdit\FontWidthCache.h">
      <Filter>ソース ファイル</Filter>
    </ClInclude>
    <ClInclude Include="..\..\..\Src\GrepDialog.h">
      <Filter>ソース ファイル</Filter>
    </ClInclude>
    <ClInclude Include="..\..\..\Src\HPCPlatform.h">
      <Filter>ソース ファイル</Filter>
    </ClInclude>
    <ClInclude Include="..\..\..\Src\LagendaPlatform.h">
      <Filter>ソース ファイル</Filter>
    </ClInclude>
    <ClInclude Include="..\..\..\Src\YAEdit\LineManager.h">
      <Filter>ソース ファイル</Filter>
    </ClInclude>
    <ClInclude Include="..\..\..\Src\YAEdit\LineWrapper.h">
      <Filter>ソース ファイル</Filter>
    </ClInclude>
    <ClInclude Include="..\..\..\Src\YAEdit\LineWrapperImpl.h">
      <Filter>ソース ファイル</Filter>
    </ClInclude>
    <ClInclude Include="..\..\..\Src\TomboLib\List.h">
      <Filter>ソース ファイル</Filter>
    </ClInclude>
    <ClInclude Include="..\..\..\Src\TomboLib\Logger.h">
      <Filter>ソース ファイル</Filter>
    </ClInclude>
    <ClInclude Include="..\..\..\Src\MainFrame.h">
      <Filter>ソース ファイル</Filter>
    </ClInclude>
    <ClInclude Include="..\..\..\Src\YAEdit\MemManager.h">
      <Filter>ソース ファイル</Filter>
    </ClInclude>
    <ClInclude Include="..\..\..\Src\MemoDetailsView.h">
      <Filter>ソース ファイル</Filter>
    </ClInclude>
    <ClInclude Include="..\..\..\Src\MemoFolder.h">
      <Filter>ソース ファイル</Filter>
    </ClInclude>
    <ClInclude Include="..\..\..\Src\MemoInfo.h">
      <Filter>ソース ファイル</Filter>
    </ClInclude>
    <ClInclude Include="..\..\..\Src\MemoManager.h">
      <Filter>ソース ファイル</Filter>
    </ClInclude>
    <ClInclude Include="..\..\..\Src\MemoNote.h">
      <Filter>ソース ファイル</Filter>
    </ClInclude>
    <ClInclude Include="..\..\..\Src\MemoSelectView.h">
      <Filter>ソース ファイル</Filter>
    </ClInclude>
    <ClInclude Include="..\..\..\Src\Message.h">
      <Filter>ソース ファイル</Filter>
    </ClInclude>
    <ClInclude Include="..\..\..\Src\NewFolderDialog.h">
      <Filter>ソース ファイル</Filter>
    </ClInclude>
    <ClInclude Include="..\..\..\Src\PasswordDialog.h">
      <Filter>ソース ファイル</Filter>
    </ClInclude>
    <ClInclude Include="..\..\..\Src\PasswordManager.h">
      <Filter>ソース ファイル</Filter>
    </ClInclude>
    <ClInclude Include="..\..\..\Src\YAEdit\PhysicalLineManager.h">
      <Filter>ソース ファイル</Filter>
    </ClInclude>
    <ClInclude Include="..\..\..\Src\PlatformLayer.h">
      <Filter>ソース ファイル</Filter>
    </ClInclude>
    <ClInclude Include="..\..\..\Src\PocketPCPlatform.h">
      <Filter>ソース ファイル</Filter>
    </ClInclude>
    <ClInclude Include="..\..\..\Src\Property.h">
      <Filter>ソース ファイル</Filter>
    </ClInclude>
    <ClInclude Include="..\..\..\Src\TomboLib\PropertyPage.h">
      <Filter>ソース ファイル</Filter>
    </ClInclude>
    <ClInclude Include="..\..\..\Src\PsPCPlatform.h">
      <Filter>ソース ファイル</Filter>
    </ClInclude>
    <ClInclude Include="..\..\..\Src\RegexUtil.h">
      <Filter>ソース ファイル</Filter>
    </ClInclude>
    <ClInclude Include="..\..\..\Src\YAEdit\Region.h">
      <Filter>ソース ファイル</Filter>
    </ClInclude>
    <ClInclude Include="..\..\..\Src\Repository.h">
      <Filter>ソース ファイル</Filter>
    </ClInclude>
    <ClInclude Include="..\..\..\Src\RepositoryImpl.h">
      <Filter>ソース ファイル</Filter>
    </ClInclude>
    <ClInclude Include="..\..\..\Src\SearchDlg.h">
      <Filter>ソース ファイル</Filter>
    </ClInclude>
    <ClInclude Include="..\..\..\Src\SearchEngine.h">
      <Filter>ソース ファイル</Filter>
    </ClInclude>
    <ClInclude Include="..\..\..\Src\SearchTree.h">
      <Filter>ソース ファイル</Filter>
    </ClInclude>
    <ClInclude Include="..\..\..\Src\TomboLib\SipControl.h">
      <Filter>ソース ファイル</Filter>
    </ClInclude>
    <ClInclude Include="..\..\..\Src\StatusBar.h">
      <Filter>ソース ファイル</Filter>
    </ClInclude>
    <ClInclude Include="..\..\..\Src\YAEdit\StringSplitter.h">
      <Filter>ソース ファイル</Filter>
    </ClInclude>
    <ClInclude Include="..\..\..\Src\Tombo.h">
      <Filter>ソース ファイル</Filter>
    </ClInclude>
    <ClInclude Include="..\..\..\Src\TomboPropertyTab.h">
      <Filter>ソース ファイル</Filter>
    </ClInclude>
    <ClInclude Include="..\..\..\Src\TomboURI.h">
      <Filter>ソース ファイル</Filter>
    </ClInclude>
    <ClInclude Include="..\..\..\Src\TreeViewItem.h">
      <Filter>ソース ファイル</Filter>
    </ClInclude>
    <ClInclude Include="..\..\..\Src\TSParser.h">
      <Filter>ソース ファイル</Filter>
    </ClInclude>
    <ClInclude Include="..\..\..\Src\TomboLib\TString.h">
      <Filter>ソース ファイル</Filter>
    </ClInclude>
    <ClInclude Include="..\..\..\Src\TomboLib\Uniconv.h">
      <Filter>ソース ファイル</Filter>
    </ClInclude>
    <ClInclude Include="..\..\..\Src\URIScanner.h">
      <Filter>ソース ファイル</Filter>
    </ClInclude>
    <ClInclude Include="..\..\..\Src\TomboLib\VarBuffer.h">
      <Filter>ソース ファイル</Filter>
    </ClInclude>
    <ClInclude Include="..\..\..\Src\VFManager.h">
      <Filter>ソース ファイル</Filter>
    </ClInclude>
    <ClInclude Include="..\..\..\Src\VFStream.h">
      <Filter>ソース ファイル</Filter>
    </ClInclude>
    <ClInclude Include="..\..\..\Src\Win32Platform.h">
      <Filter>ソース ファイル</Filter>
    </ClInclude>
    <ClInclude Include="..\..\..\Src\YAEdit\YAEdit.h">
      <Filter>ソース ファイル</Filter>
    </ClInclude>
    <ClInclude Include="..\..\..\Src\YAEdit\YAEditDoc.h">
      <Filter>ソース ファイル</Filter>
    </ClInclude>
    <ClInclude Include="..\..\..\Src\YAEditor.h">
      <Filter>ソース ファイル</Filter>
    </ClInclude>
    <ClInclude Include="..\..\..\Src\YAEdit\YAEditView.h">
      <Filter>ソース ファイル</Filter>
    </ClInclude>
    <ClInclude Include="..\..\..\Src\regex\config.h">
      <Filter>ヘッダー ファイル</Filter>
    </ClInclude>
    <ClInclude Include="..\..\..\Src\regex\ctypeutil.h">
      <Filter>ヘッダー ファイル</Filter>
    </ClInclude>
    <ClInclude Include="..\..\..\Src\regex\regex.h">
      <Filter>ヘッダー ファイル</Filter>
    </ClInclude>
    <ClInclude Include="..\res\resource.h">
      <Filter>ヘッダー ファイル</Filter>
    </ClInclude>
  </ItemGroup>
  <ItemGroup>
    <ResourceCompile Include="..\res\Tombo.rc">
      <Filter>リソース ファイル</Filter>
    </ResourceCompile>
  </ItemGroup>
  <ItemGroup>
    <None Include="..\..\..\Src\image\memoimg.bmp">
      <Filter>リソース ファイル</Filter>
    </None>
    <None Include="..\..\..\Src\image\toolbar.bmp">
      <Filter>リソース ファイル</Filter>
    </None>
    <None Include="..\..\..\Src\image\draftimg.bmp">
      <Filter>リソース ファイル</Filter>
    </None>
    <None Include="..\..\..\Src\image\Tombo.ICO">
      <Filter>リソース ファイル</Filter>
    </None>
  </ItemGroup>
  <ItemGroup>
    <Library Include="..\..\expat\lib\Win32\libexpatw.lib" />
    <Library Include="..\..\oniguruma\win32\oniguruma.lib" />
  </ItemGroup>
</Project>